
Microsoft Visual Studio Solution File, Format Version 12.00
# Visual Studio 15
VisualStudioVersion = 15.0.28307.421
MinimumVisualStudioVersion = 10.0.40219.1
Project("{FAE04EC0-301F-11D3-BF4B-00C04F79EFBC}") = "ToDo", "ToDo\ToDo.csproj", "{6005B4F1-30E8-48BE-8A73-0A9EC800CF94}"
EndProject
Global
	GlobalSection(SolutionConfigurationPlatforms) = preSolution
		Debug|Any CPU = Debug|Any CPU
		Release|Any CPU = Release|Any CPU
	EndGlobalSection
	GlobalSection(ProjectConfigurationPlatforms) = postSolution
		{6005B4F1-30E8-48BE-8A73-0A9EC800CF94}.Debug|Any CPU.ActiveCfg = Debug|Any CPU
		{6005B4F1-30E8-48BE-8A73-0A9EC800CF94}.Debug|Any CPU.Build.0 = Debug|Any CPU
		{6005B4F1-30E8-48BE-8A73-0A9EC800CF94}.Release|Any CPU.ActiveCfg = Release|Any CPU
		{6005B4F1-30E8-48BE-8A73-0A9EC800CF94}.Release|Any CPU.Build.0 = Release|Any CPU
	EndGlobalSection
	GlobalSection(SolutionProperties) = preSolution
		HideSolutionNode = FALSE
	EndGlobalSection
	GlobalSection(ExtensibilityGlobals) = postSolution
		SolutionGuid = {F9ACA04F-0EF4-4C92-A70E-05308A237564}
	EndGlobalSection
EndGlobal
